
Microsoft Visual Studio Solution File, Format Version 12.00
# Visual Studio 14
VisualStudioVersion = 14.0.25123.0
MinimumVisualStudioVersion = 10.0.40219.1
Project("{8BC9CEB8-8B4A-11D0-8D11-00A0C91BC942}") = "HelloWorld", "HelloWorld\HelloWorld.vcxproj", "{3201456E-150A-440A-A9DC-76C964406A91}"
EndProject
Project("{8BC9CEB8-8B4A-11D0-8D11-00A0C91BC942}") = "TextBaseAdventure", "TextBaseAdventure\TextBaseAdventure.vcxproj", "{0C720114-D363-48BC-9FC7-F364F859AE54}"
EndProject
Project("{8BC9CEB8-8B4A-11D0-8D11-00A0C91BC942}") = "Wumpus", "Wumpus\Wumpus.vcxproj", "{31E5AED2-7FD5-49BB-B71C-F6F74234D241}"
EndProject
Global
	GlobalSection(SolutionConfigurationPlatforms) = preSolution
		Debug|x64 = Debug|x64
		Debug|x86 = Debug|x86
		Release|x64 = Release|x64
		Release|x86 = Release|x86
	EndGlobalSection
	GlobalSection(ProjectConfigurationPlatforms) = postSolution
		{3201456E-150A-440A-A9DC-76C964406A91}.Debug|x64.ActiveCfg = Debug|x64
		{3201456E-150A-440A-A9DC-76C964406A91}.Debug|x64.Build.0 = Debug|x64
		{3201456E-150A-440A-A9DC-76C964406A91}.Debug|x86.ActiveCfg = Debug|Win32
		{3201456E-150A-440A-A9DC-76C964406A91}.Debug|x86.Build.0 = Debug|Win32
		{3201456E-150A-440A-A9DC-76C964406A91}.Release|x64.ActiveCfg = Release|x64
		{3201456E-150A-440A-A9DC-76C964406A91}.Release|x64.Build.0 = Release|x64
		{3201456E-150A-440A-A9DC-76C964406A91}.Release|x86.ActiveCfg = Release|Win32
		{3201456E-150A-440A-A9DC-76C964406A91}.Release|x86.Build.0 = Release|Win32
		{0C720114-D363-48BC-9FC7-F364F859AE54}.Debug|x64.ActiveCfg = Debug|x64
		{0C720114-D363-48BC-9FC7-F364F859AE54}.Debug|x64.Build.0 = Debug|x64
		{0C720114-D363-48BC-9FC7-F364F859AE54}.Debug|x86.ActiveCfg = Debug|Win32
		{0C720114-D363-48BC-9FC7-F364F859AE54}.Debug|x86.Build.0 = Debug|Win32
		{0C720114-D363-48BC-9FC7-F364F859AE54}.Release|x64.ActiveCfg = Release|x64
		{0C720114-D363-48BC-9FC7-F364F859AE54}.Release|x64.Build.0 = Release|x64
		{0C720114-D363-48BC-9FC7-F364F859AE54}.Release|x86.ActiveCfg = Release|Win32
		{0C720114-D363-48BC-9FC7-F364F859AE54}.Release|x86.Build.0 = Release|Win32
		{31E5AED2-7FD5-49BB-B71C-F6F74234D241}.Debug|x64.ActiveCfg = Debug|x64
		{31E5AED2-7FD5-49BB-B71C-F6F74234D241}.Debug|x64.Build.0 = Debug|x64
		{31E5AED2-7FD5-49BB-B71C-F6F74234D241}.Debug|x86.ActiveCfg = Debug|Win32
		{31E5AED2-7FD5-49BB-B71C-F6F74234D241}.Debug|x86.Build.0 = Debug|Win32
		{31E5AED2-7FD5-49BB-B71C-F6F74234D241}.Release|x64.ActiveCfg = Release|x64
		{31E5AED2-7FD5-49BB-B71C-F6F74234D241}.Release|x64.Build.0 = Release|x64
		{31E5AED2-7FD5-49BB-B71C-F6F74234D241}.Release|x86.ActiveCfg = Release|Win32
		{31E5AED2-7FD5-49BB-B71C-F6F74234D241}.Release|x86.Build.0 = Release|Win32
	EndGlobalSection
	GlobalSection(SolutionProperties) = preSolution
		HideSolutionNode = FALSE
	EndGlobalSection
EndGlobal
